
Microsoft Visual Studio Solution File, Format Version 12.00
# Visual Studio Version 17
VisualStudioVersion = 17.14.36908.2
MinimumVisualStudioVersion = 10.0.40219.1
Project("{8BC9CEB8-8B4A-11D0-8D11-00A0C91BC942}") = "InlineFunction", "InlineFunction\InlineFunction.vcxproj", "{FB18FE0F-64ED-4FA4-8F4D-07914761B2F3}"
EndProject
Project("{8BC9CEB8-8B4A-11D0-8D11-00A0C91BC942}") = "Pointer", "Pointer\Pointer.vcxproj", "{383154F3-3722-40BD-9304-9B8D29E88A97}"
EndProject
Project("{8BC9CEB8-8B4A-11D0-8D11-00A0C91BC942}") = "Reference", "Reference\Reference.vcxproj", "{B5791015-3EBD-4E77-9192-24036B0CB326}"
EndProject
Project("{8BC9CEB8-8B4A-11D0-8D11-00A0C91BC942}") = "Array", "Array\Array.vcxproj", "{66277C62-FAD4-42C1-9953-19A382F00920}"
EndProject
Project("{8BC9CEB8-8B4A-11D0-8D11-00A0C91BC942}") = "String", "String\String.vcxproj", "{64E1CB5D-ECA1-4772-B9AC-91A7BE692DF3}"
EndProject
Project("{2150E333-8FDC-42A3-9474-1A3956D46DE8}") = "Solution Items", "Solution Items", "{C8D5274F-AC00-46C7-1F8D-E88E81087A52}"
	ProjectSection(SolutionItems) = preProject
		.editorconfig = .editorconfig
	EndProjectSection
EndProject
Project("{8BC9CEB8-8B4A-11D0-8D11-00A0C91BC942}") = "Class", "Class\Class.vcxproj", "{7E9A5F27-0B99-4AD6-B20D-9095A4092459}"
EndProject
Project("{8BC9CEB8-8B4A-11D0-8D11-00A0C91BC942}") = "ClassAndArray", "ClassAndArray\ClassAndArray.vcxproj", "{6567A948-DF26-401F-A313-DEB20CA7D336}"
EndProject
Project("{8BC9CEB8-8B4A-11D0-8D11-00A0C91BC942}") = "FriendKeyword", "FriendKeyword\FriendKeyword.vcxproj", "{FABC4266-46BE-4EA7-875E-85C63A524409}"
EndProject
Project("{8BC9CEB8-8B4A-11D0-8D11-00A0C91BC942}") = "ForwardDeclaration", "ForwardDeclaration\ForwardDeclaration.vcxproj", "{65399D7E-15C1-4C8A-988E-E52E238C0007}"
EndProject
Project("{8BC9CEB8-8B4A-11D0-8D11-00A0C91BC942}") = "Inheritance", "Inheritance\Inheritance.vcxproj", "{6F7E9C0D-E6A2-4D3E-9F3D-C0CF7EA480D0}"
EndProject
Project("{8BC9CEB8-8B4A-11D0-8D11-00A0C91BC942}") = "Polymorphism", "Polymorphism\Polymorphism.vcxproj", "{1BA17814-0EFB-4BE9-BDD4-BF329E2A2702}"
EndProject
Project("{8BC9CEB8-8B4A-11D0-8D11-00A0C91BC942}") = "OperatorOverloading", "OperatorOverloading\OperatorOverloading.vcxproj", "{45DB4D72-8960-4D54-A626-28815A60A42B}"
EndProject
Project("{8BC9CEB8-8B4A-11D0-8D11-00A0C91BC942}") = "TypeCasting", "TypeCasting\TypeCasting.vcxproj", "{FD22DB0B-F7F6-4B90-B33E-32A2363982FC}"
EndProject
Project("{8BC9CEB8-8B4A-11D0-8D11-00A0C91BC942}") = "Template", "Template\Template.vcxproj", "{DB58CF3D-57B2-4480-AE73-E6B6982F0540}"
EndProject
Project("{8BC9CEB8-8B4A-11D0-8D11-00A0C91BC942}") = "FileIO", "FileIO\FileIO.vcxproj", "{31748921-33D8-451D-9F0C-20AFBE5F10DA}"
EndProject
Project("{8BC9CEB8-8B4A-11D0-8D11-00A0C91BC942}") = "Practice", "Practice\Practice.vcxproj", "{3D0D206C-9CCE-4854-A41E-6F406049C2BB}"
EndProject
Project("{8BC9CEB8-8B4A-11D0-8D11-00A0C91BC942}") = "FunctionPointer", "FunctionPointer\FunctionPointer.vcxproj", "{7B878036-B25D-4E1E-8CE5-6ED583239D96}"
EndProject
Project("{8BC9CEB8-8B4A-11D0-8D11-00A0C91BC942}") = "UniquePointer", "UniquePointer\UniquePointer.vcxproj", "{88E22647-2393-4B49-973E-2C8DF73C411F}"
EndProject
Global
	GlobalSection(SolutionConfigurationPlatforms) = preSolution
		Debug|x64 = Debug|x64
		Debug|x86 = Debug|x86
		Release|x64 = Release|x64
		Release|x86 = Release|x86
	EndGlobalSection
	GlobalSection(ProjectConfigurationPlatforms) = postSolution
		{FB18FE0F-64ED-4FA4-8F4D-07914761B2F3}.Debug|x64.ActiveCfg = Debug|x64
		{FB18FE0F-64ED-4FA4-8F4D-07914761B2F3}.Debug|x64.Build.0 = Debug|x64
		{FB18FE0F-64ED-4FA4-8F4D-07914761B2F3}.Debug|x86.ActiveCfg = Debug|Win32
		{FB18FE0F-64ED-4FA4-8F4D-07914761B2F3}.Debug|x86.Build.0 = Debug|Win32
		{FB18FE0F-64ED-4FA4-8F4D-07914761B2F3}.Release|x64.ActiveCfg = Release|x64
		{FB18FE0F-64ED-4FA4-8F4D-07914761B2F3}.Release|x64.Build.0 = Release|x64
		{FB18FE0F-64ED-4FA4-8F4D-07914761B2F3}.Release|x86.ActiveCfg = Release|Win32
		{FB18FE0F-64ED-4FA4-8F4D-07914761B2F3}.Release|x86.Build.0 = Release|Win32
		{383154F3-3722-40BD-9304-9B8D29E88A97}.Debug|x64.ActiveCfg = Debug|x64
		{383154F3-3722-40BD-9304-9B8D29E88A97}.Debug|x64.Build.0 = Debug|x64
		{383154F3-3722-40BD-9304-9B8D29E88A97}.Debug|x86.ActiveCfg = Debug|Win32
		{383154F3-3722-40BD-9304-9B8D29E88A97}.Debug|x86.Build.0 = Debug|Win32
		{383154F3-3722-40BD-9304-9B8D29E88A97}.Release|x64.ActiveCfg = Release|x64
		{383154F3-3722-40BD-9304-9B8D29E88A97}.Release|x64.Build.0 = Release|x64
		{383154F3-3722-40BD-9304-9B8D29E88A97}.Release|x86.ActiveCfg = Release|Win32
		{383154F3-3722-40BD-9304-9B8D29E88A97}.Release|x86.Build.0 = Release|Win32
		{B5791015-3EBD-4E77-9192-24036B0CB326}.Debug|x64.ActiveCfg = Debug|x64
		{B5791015-3EBD-4E77-9192-24036B0CB326}.Debug|x64.Build.0 = Debug|x64
		{B5791015-3EBD-4E77-9192-24036B0CB326}.Debug|x86.ActiveCfg = Debug|Win32
		{B5791015-3EBD-4E77-9192-24036B0CB326}.Debug|x86.Build.0 = Debug|Win32
		{B5791015-3EBD-4E77-9192-24036B0CB326}.Release|x64.ActiveCfg = Release|x64
		{B5791015-3EBD-4E77-9192-24036B0CB326}.Release|x64.Build.0 = Release|x64
		{B5791015-3EBD-4E77-9192-24036B0CB326}.Release|x86.ActiveCfg = Release|Win32
		{B5791015-3EBD-4E77-9192-24036B0CB326}.Release|x86.Build.0 = Release|Win32
		{66277C62-FAD4-42C1-9953-19A382F00920}.Debug|x64.ActiveCfg = Debug|x64
		{66277C62-FAD4-42C1-9953-19A382F00920}.Debug|x64.Build.0 = Debug|x64
		{66277C62-FAD4-42C1-9953-19A382F00920}.Debug|x86.ActiveCfg = Debug|Win32
		{66277C62-FAD4-42C1-9953-19A382F00920}.Debug|x86.Build.0 = Debug|Win32
		{66277C62-FAD4-42C1-9953-19A382F00920}.Release|x64.ActiveCfg = Release|x64
		{66277C62-FAD4-42C1-9953-19A382F00920}.Release|x64.Build.0 = Release|x64
		{66277C62-FAD4-42C1-9953-19A382F00920}.Release|x86.ActiveCfg = Release|Win32
		{66277C62-FAD4-42C1-9953-19A382F00920}.Release|x86.Build.0 = Release|Win32
		{64E1CB5D-ECA1-4772-B9AC-91A7BE692DF3}.Debug|x64.ActiveCfg = Debug|x64
		{64E1CB5D-ECA1-4772-B9AC-91A7BE692DF3}.Debug|x64.Build.0 = Debug|x64
		{64E1CB5D-ECA1-4772-B9AC-91A7BE692DF3}.Debug|x86.ActiveCfg = Debug|Win32
		{64E1CB5D-ECA1-4772-B9AC-91A7BE692DF3}.Debug|x86.Build.0 = Debug|Win32
		{64E1CB5D-ECA1-4772-B9AC-91A7BE692DF3}.Release|x64.ActiveCfg = Release|x64
		{64E1CB5D-ECA1-4772-B9AC-91A7BE692DF3}.Release|x64.Build.0 = Release|x64
		{64E1CB5D-ECA1-4772-B9AC-91A7BE692DF3}.Release|x86.ActiveCfg = Release|Win32
		{64E1CB5D-ECA1-4772-B9AC-91A7BE692DF3}.Release|x86.Build.0 = Release|Win32
		{7E9A5F27-0B99-4AD6-B20D-9095A4092459}.Debug|x64.ActiveCfg = Debug|x64
		{7E9A5F27-0B99-4AD6-B20D-9095A4092459}.Debug|x64.Build.0 = Debug|x64
		{7E9A5F27-0B99-4AD6-B20D-9095A4092459}.Debug|x86.ActiveCfg = Debug|Win32
		{7E9A5F27-0B99-4AD6-B20D-9095A4092459}.Debug|x86.Build.0 = Debug|Win32
		{7E9A5F27-0B99-4AD6-B20D-9095A4092459}.Release|x64.ActiveCfg = Release|x64
		{7E9A5F27-0B99-4AD6-B20D-9095A4092459}.Release|x64.Build.0 = Release|x64
		{7E9A5F27-0B99-4AD6-B20D-9095A4092459}.Release|x86.ActiveCfg = Release|Win32
		{7E9A5F27-0B99-4AD6-B20D-9095A4092459}.Release|x86.Build.0 = Release|Win32
		{6567A948-DF26-401F-A313-DEB20CA7D336}.Debug|x64.ActiveCfg = Debug|x64
		{6567A948-DF26-401F-A313-DEB20CA7D336}.Debug|x64.Build.0 = Debug|x64
		{6567A948-DF26-401F-A313-DEB20CA7D336}.Debug|x86.ActiveCfg = Debug|Win32
		{6567A948-DF26-401F-A313-DEB20CA7D336}.Debug|x86.Build.0 = Debug|Win32
		{6567A948-DF26-401F-A313-DEB20CA7D336}.Release|x64.ActiveCfg = Release|x64
		{6567A948-DF26-401F-A313-DEB20CA7D336}.Release|x64.Build.0 = Release|x64
		{6567A948-DF26-401F-A313-DEB20CA7D336}.Release|x86.ActiveCfg = Release|Win32
		{6567A948-DF26-401F-A313-DEB20CA7D336}.Release|x86.Build.0 = Release|Win32
		{FABC4266-46BE-4EA7-875E-85C63A524409}.Debug|x64.ActiveCfg = Debug|x64
		{FABC4266-46BE-4EA7-875E-85C63A524409}.Debug|x64.Build.0 = Debug|x64
		{FABC4266-46BE-4EA7-875E-85C63A524409}.Debug|x86.ActiveCfg = Debug|Win32
		{FABC4266-46BE-4EA7-875E-85C63A524409}.Debug|x86.Build.0 = Debug|Win32
		{FABC4266-46BE-4EA7-875E-85C63A524409}.Release|x64.ActiveCfg = Release|x64
		{FABC4266-46BE-4EA7-875E-85C63A524409}.Release|x64.Build.0 = Release|x64
		{FABC4266-46BE-4EA7-875E-85C63A524409}.Release|x86.ActiveCfg = Release|Win32
		{FABC4266-46BE-4EA7-875E-85C63A524409}.Release|x86.Build.0 = Release|Win32
		{65399D7E-15C1-4C8A-988E-E52E238C0007}.Debug|x64.ActiveCfg = Debug|x64
		{65399D7E-15C1-4C8A-988E-E52E238C0007}.Debug|x64.Build.0 = Debug|x64
		{65399D7E-15C1-4C8A-988E-E52E238C0007}.Debug|x86.ActiveCfg = Debug|Win32
		{65399D7E-15C1-4C8A-988E-E52E238C0007}.Debug|x86.Build.0 = Debug|Win32
		{65399D7E-15C1-4C8A-988E-E52E238C0007}.Release|x64.ActiveCfg = Release|x64
		{65399D7E-15C1-4C8A-988E-E52E238C0007}.Release|x64.Build.0 = Release|x64
		{65399D7E-15C1-4C8A-988E-E52E238C0007}.Release|x86.ActiveCfg = Release|Win32
		{65399D7E-15C1-4C8A-988E-E52E238C0007}.Release|x86.Build.0 = Release|Win32
		{6F7E9C0D-E6A2-4D3E-9F3D-C0CF7EA480D0}.Debug|x64.ActiveCfg = Debug|x64
		{6F7E9C0D-E6A2-4D3E-9F3D-C0CF7EA480D0}.Debug|x64.Build.0 = Debug|x64
		{6F7E9C0D-E6A2-4D3E-9F3D-C0CF7EA480D0}.Debug|x86.ActiveCfg = Debug|Win32
		{6F7E9C0D-E6A2-4D3E-9F3D-C0CF7EA480D0}.Debug|x86.Build.0 = Debug|Win32
		{6F7E9C0D-E6A2-4D3E-9F3D-C0CF7EA480D0}.Release|x64.ActiveCfg = Release|x64
		{6F7E9C0D-E6A2-4D3E-9F3D-C0CF7EA480D0}.Release|x64.Build.0 = Release|x64
		{6F7E9C0D-E6A2-4D3E-9F3D-C0CF7EA480D0}.Release|x86.ActiveCfg = Release|Win32
		{6F7E9C0D-E6A2-4D3E-9F3D-C0CF7EA480D0}.Release|x86.Build.0 = Release|Win32
		{1BA17814-0EFB-4BE9-BDD4-BF329E2A2702}.Debug|x64.ActiveCfg = Debug|x64
		{1BA17814-0EFB-4BE9-BDD4-BF329E2A2702}.Debug|x64.Build.0 = Debug|x64
		{1BA17814-0EFB-4BE9-BDD4-BF329E2A2702}.Debug|x86.ActiveCfg = Debug|Win32
		{1BA17814-0EFB-4BE9-BDD4-BF329E2A2702}.Debug|x86.Build.0 = Debug|Win32
		{1BA17814-0EFB-4BE9-BDD4-BF329E2A2702}.Release|x64.ActiveCfg = Release|x64
		{1BA17814-0EFB-4BE9-BDD4-BF329E2A2702}.Release|x64.Build.0 = Release|x64
		{1BA17814-0EFB-4BE9-BDD4-BF329E2A2702}.Release|x86.ActiveCfg = Release|Win32
		{1BA17814-0EFB-4BE9-BDD4-BF329E2A2702}.Release|x86.Build.0 = Release|Win32
		{45DB4D72-8960-4D54-A626-28815A60A42B}.Debug|x64.ActiveCfg = Debug|x64
		{45DB4D72-8960-4D54-A626-28815A60A42B}.Debug|x64.Build.0 = Debug|x64
		{45DB4D72-8960-4D54-A626-28815A60A42B}.Debug|x86.ActiveCfg = Debug|Win32
		{45DB4D72-8960-4D54-A626-28815A60A42B}.Debug|x86.Build.0 = Debug|Win32
		{45DB4D72-8960-4D54-A626-28815A60A42B}.Release|x64.ActiveCfg = Release|x64
		{45DB4D72-8960-4D54-A626-28815A60A42B}.Release|x64.Build.0 = Release|x64
		{45DB4D72-8960-4D54-A626-28815A60A42B}.Release|x86.ActiveCfg = Release|Win32
		{45DB4D72-8960-4D54-A626-28815A60A42B}.Release|x86.Build.0 = Release|Win32
		{FD22DB0B-F7F6-4B90-B33E-32A2363982FC}.Debug|x64.ActiveCfg = Debug|x64
		{FD22DB0B-F7F6-4B90-B33E-32A2363982FC}.Debug|x64.Build.0 = Debug|x64
		{FD22DB0B-F7F6-4B90-B33E-32A2363982FC}.Debug|x86.ActiveCfg = Debug|Win32
		{FD22DB0B-F7F6-4B90-B33E-32A2363982FC}.Debug|x86.Build.0 = Debug|Win32
		{FD22DB0B-F7F6-4B90-B33E-32A2363982FC}.Release|x64.ActiveCfg = Release|x64
		{FD22DB0B-F7F6-4B90-B33E-32A2363982FC}.Release|x64.Build.0 = Release|x64
		{FD22DB0B-F7F6-4B90-B33E-32A2363982FC}.Release|x86.ActiveCfg = Release|Win32
		{FD22DB0B-F7F6-4B90-B33E-32A2363982FC}.Release|x86.Build.0 = Release|Win32
		{DB58CF3D-57B2-4480-AE73-E6B6982F0540}.Debug|x64.ActiveCfg = Debug|x64
		{DB58CF3D-57B2-4480-AE73-E6B6982F0540}.Debug|x64.Build.0 = Debug|x64
		{DB58CF3D-57B2-4480-AE73-E6B6982F0540}.Debug|x86.ActiveCfg = Debug|Win32
		{DB58CF3D-57B2-4480-AE73-E6B6982F0540}.Debug|x86.Build.0 = Debug|Win32
		{DB58CF3D-57B2-4480-AE73-E6B6982F0540}.Release|x64.ActiveCfg = Release|x64
		{DB58CF3D-57B2-4480-AE73-E6B6982F0540}.Release|x64.Build.0 = Release|x64
		{DB58CF3D-57B2-4480-AE73-E6B6982F0540}.Release|x86.ActiveCfg = Release|Win32
		{DB58CF3D-57B2-4480-AE73-E6B6982F0540}.Release|x86.Build.0 = Release|Win32
		{31748921-33D8-451D-9F0C-20AFBE5F10DA}.Debug|x64.ActiveCfg = Debug|x64
		{31748921-33D8-451D-9F0C-20AFBE5F10DA}.Debug|x64.Build.0 = Debug|x64
		{31748921-33D8-451D-9F0C-20AFBE5F10DA}.Debug|x86.ActiveCfg = Debug|Win32
		{31748921-33D8-451D-9F0C-20AFBE5F10DA}.Debug|x86.Build.0 = Debug|Win32
		{31748921-33D8-451D-9F0C-20AFBE5F10DA}.Release|x64.ActiveCfg = Release|x64
		{31748921-33D8-451D-9F0C-20AFBE5F10DA}.Release|x64.Build.0 = Release|x64
		{31748921-33D8-451D-9F0C-20AFBE5F10DA}.Release|x86.ActiveCfg = Release|Win32
		{31748921-33D8-451D-9F0C-20AFBE5F10DA}.Release|x86.Build.0 = Release|Win32
		{3D0D206C-9CCE-4854-A41E-6F406049C2BB}.Debug|x64.ActiveCfg = Debug|x64
		{3D0D206C-9CCE-4854-A41E-6F406049C2BB}.Debug|x64.Build.0 = Debug|x64
		{3D0D206C-9CCE-4854-A41E-6F406049C2BB}.Debug|x86.ActiveCfg = Debug|Win32
		{3D0D206C-9CCE-4854-A41E-6F406049C2BB}.Debug|x86.Build.0 = Debug|Win32
		{3D0D206C-9CCE-4854-A41E-6F406049C2BB}.Release|x64.ActiveCfg = Release|x64
		{3D0D206C-9CCE-4854-A41E-6F406049C2BB}.Release|x64.Build.0 = Release|x64
		{3D0D206C-9CCE-4854-A41E-6F406049C2BB}.Release|x86.ActiveCfg = Release|Win32
		{3D0D206C-9CCE-4854-A41E-6F406049C2BB}.Release|x86.Build.0 = Release|Win32
		{7B878036-B25D-4E1E-8CE5-6ED583239D96}.Debug|x64.ActiveCfg = Debug|x64
		{7B878036-B25D-4E1E-8CE5-6ED583239D96}.Debug|x64.Build.0 = Debug|x64
		{7B878036-B25D-4E1E-8CE5-6ED583239D96}.Debug|x86.ActiveCfg = Debug|Win32
		{7B878036-B25D-4E1E-8CE5-6ED583239D96}.Debug|x86.Build.0 = Debug|Win32
		{7B878036-B25D-4E1E-8CE5-6ED583239D96}.Release|x64.ActiveCfg = Release|x64
		{7B878036-B25D-4E1E-8CE5-6ED583239D96}.Release|x64.Build.0 = Release|x64
		{7B878036-B25D-4E1E-8CE5-6ED583239D96}.Release|x86.ActiveCfg = Release|Win32
		{7B878036-B25D-4E1E-8CE5-6ED583239D96}.Release|x86.Build.0 = Release|Win32
		{88E22647-2393-4B49-973E-2C8DF73C411F}.Debug|x64.ActiveCfg = Debug|x64
		{88E22647-2393-4B49-973E-2C8DF73C411F}.Debug|x64.Build.0 = Debug|x64
		{88E22647-2393-4B49-973E-2C8DF73C411F}.Debug|x86.ActiveCfg = Debug|Win32
		{88E22647-2393-4B49-973E-2C8DF73C411F}.Debug|x86.Build.0 = Debug|Win32
		{88E22647-2393-4B49-973E-2C8DF73C411F}.Release|x64.ActiveCfg = Release|x64
		{88E22647-2393-4B49-973E-2C8DF73C411F}.Release|x64.Build.0 = Release|x64
		{88E22647-2393-4B49-973E-2C8DF73C411F}.Release|x86.ActiveCfg = Release|Win32
		{88E22647-2393-4B49-973E-2C8DF73C411F}.Release|x86.Build.0 = Release|Win32
	EndGlobalSection
	GlobalSection(SolutionProperties) = preSolution
		HideSolutionNode = FALSE
	EndGlobalSection
	GlobalSection(ExtensibilityGlobals) = postSolution
		SolutionGuid = {DB59F265-875E-475B-9352-D8C2C0220083}
	EndGlobalSection
EndGlobal
