
Microsoft Visual Studio Solution File, Format Version 12.00
# Visual Studio Version 17
VisualStudioVersion = 17.14.36908.2
MinimumVisualStudioVersion = 10.0.40219.1
Project("{8BC9CEB8-8B4A-11D0-8D11-00A0C91BC942}") = "InlineFunction", "InlineFunction\InlineFunction.vcxproj", "{FB18FE0F-64ED-4FA4-8F4D-07914761B2F3}"
EndProject
Project("{8BC9CEB8-8B4A-11D0-8D11-00A0C91BC942}") = "Pointer", "Pointer\Pointer.vcxproj", "{383154F3-3722-40BD-9304-9B8D29E88A97}"
EndProject
Project("{8BC9CEB8-8B4A-11D0-8D11-00A0C91BC942}") = "Reference", "Reference\Reference.vcxproj", "{B5791015-3EBD-4E77-9192-24036B0CB326}"
EndProject
Project("{8BC9CEB8-8B4A-11D0-8D11-00A0C91BC942}") = "Array", "Array\Array.vcxproj", "{66277C62-FAD4-42C1-9953-19A382F00920}"
EndProject
Project("{8BC9CEB8-8B4A-11D0-8D11-00A0C91BC942}") = "String", "String\String.vcxproj", "{64E1CB5D-ECA1-4772-B9AC-91A7BE692DF3}"
EndProject
Project("{2150E333-8FDC-42A3-9474-1A3956D46DE8}") = "Solution Items", "Solution Items", "{C8D5274F-AC00-46C7-1F8D-E88E81087A52}"
	ProjectSection(SolutionItems) = preProject
		.editorconfig = .editorconfig
	EndProjectSection
EndProject
Project("{8BC9CEB8-8B4A-11D0-8D11-00A0C91BC942}") = "Class", "Class\Class.vcxproj", "{7E9A5F27-0B99-4AD6-B20D-9095A4092459}"
EndProject
Project("{8BC9CEB8-8B4A-11D0-8D11-00A0C91BC942}") = "ClassAndArray", "ClassAndArray\ClassAndArray.vcxproj", "{6567A948-DF26-401F-A313-DEB20CA7D336}"
EndProject
Global
	GlobalSection(SolutionConfigurationPlatforms) = preSolution
		Debug|x64 = Debug|x64
		Debug|x86 = Debug|x86
		Release|x64 = Release|x64
		Release|x86 = Release|x86
	EndGlobalSection
	GlobalSection(ProjectConfigurationPlatforms) = postSolution
		{FB18FE0F-64ED-4FA4-8F4D-07914761B2F3}.Debug|x64.ActiveCfg = Debug|x64
		{FB18FE0F-64ED-4FA4-8F4D-07914761B2F3}.Debug|x64.Build.0 = Debug|x64
		{FB18FE0F-64ED-4FA4-8F4D-07914761B2F3}.Debug|x86.ActiveCfg = Debug|Win32
		{FB18FE0F-64ED-4FA4-8F4D-07914761B2F3}.Debug|x86.Build.0 = Debug|Win32
		{FB18FE0F-64ED-4FA4-8F4D-07914761B2F3}.Release|x64.ActiveCfg = Release|x64
		{FB18FE0F-64ED-4FA4-8F4D-07914761B2F3}.Release|x64.Build.0 = Release|x64
		{FB18FE0F-64ED-4FA4-8F4D-07914761B2F3}.Release|x86.ActiveCfg = Release|Win32
		{FB18FE0F-64ED-4FA4-8F4D-07914761B2F3}.Release|x86.Build.0 = Release|Win32
		{383154F3-3722-40BD-9304-9B8D29E88A97}.Debug|x64.ActiveCfg = Debug|x64
		{383154F3-3722-40BD-9304-9B8D29E88A97}.Debug|x64.Build.0 = Debug|x64
		{383154F3-3722-40BD-9304-9B8D29E88A97}.Debug|x86.ActiveCfg = Debug|Win32
		{383154F3-3722-40BD-9304-9B8D29E88A97}.Debug|x86.Build.0 = Debug|Win32
		{383154F3-3722-40BD-9304-9B8D29E88A97}.Release|x64.ActiveCfg = Release|x64
		{383154F3-3722-40BD-9304-9B8D29E88A97}.Release|x64.Build.0 = Release|x64
		{383154F3-3722-40BD-9304-9B8D29E88A97}.Release|x86.ActiveCfg = Release|Win32
		{383154F3-3722-40BD-9304-9B8D29E88A97}.Release|x86.Build.0 = Release|Win32
		{B5791015-3EBD-4E77-9192-24036B0CB326}.Debug|x64.ActiveCfg = Debug|x64
		{B5791015-3EBD-4E77-9192-24036B0CB326}.Debug|x64.Build.0 = Debug|x64
		{B5791015-3EBD-4E77-9192-24036B0CB326}.Debug|x86.ActiveCfg = Debug|Win32
		{B5791015-3EBD-4E77-9192-24036B0CB326}.Debug|x86.Build.0 = Debug|Win32
		{B5791015-3EBD-4E77-9192-24036B0CB326}.Release|x64.ActiveCfg = Release|x64
		{B5791015-3EBD-4E77-9192-24036B0CB326}.Release|x64.Build.0 = Release|x64
		{B5791015-3EBD-4E77-9192-24036B0CB326}.Release|x86.ActiveCfg = Release|Win32
		{B5791015-3EBD-4E77-9192-24036B0CB326}.Release|x86.Build.0 = Release|Win32
		{66277C62-FAD4-42C1-9953-19A382F00920}.Debug|x64.ActiveCfg = Debug|x64
		{66277C62-FAD4-42C1-9953-19A382F00920}.Debug|x64.Build.0 = Debug|x64
		{66277C62-FAD4-42C1-9953-19A382F00920}.Debug|x86.ActiveCfg = Debug|Win32
		{66277C62-FAD4-42C1-9953-19A382F00920}.Debug|x86.Build.0 = Debug|Win32
		{66277C62-FAD4-42C1-9953-19A382F00920}.Release|x64.ActiveCfg = Release|x64
		{66277C62-FAD4-42C1-9953-19A382F00920}.Release|x64.Build.0 = Release|x64
		{66277C62-FAD4-42C1-9953-19A382F00920}.Release|x86.ActiveCfg = Release|Win32
		{66277C62-FAD4-42C1-9953-19A382F00920}.Release|x86.Build.0 = Release|Win32
		{64E1CB5D-ECA1-4772-B9AC-91A7BE692DF3}.Debug|x64.ActiveCfg = Debug|x64
		{64E1CB5D-ECA1-4772-B9AC-91A7BE692DF3}.Debug|x64.Build.0 = Debug|x64
		{64E1CB5D-ECA1-4772-B9AC-91A7BE692DF3}.Debug|x86.ActiveCfg = Debug|Win32
		{64E1CB5D-ECA1-4772-B9AC-91A7BE692DF3}.Debug|x86.Build.0 = Debug|Win32
		{64E1CB5D-ECA1-4772-B9AC-91A7BE692DF3}.Release|x64.ActiveCfg = Release|x64
		{64E1CB5D-ECA1-4772-B9AC-91A7BE692DF3}.Release|x64.Build.0 = Release|x64
		{64E1CB5D-ECA1-4772-B9AC-91A7BE692DF3}.Release|x86.ActiveCfg = Release|Win32
		{64E1CB5D-ECA1-4772-B9AC-91A7BE692DF3}.Release|x86.Build.0 = Release|Win32
		{7E9A5F27-0B99-4AD6-B20D-9095A4092459}.Debug|x64.ActiveCfg = Debug|x64
		{7E9A5F27-0B99-4AD6-B20D-9095A4092459}.Debug|x64.Build.0 = Debug|x64
		{7E9A5F27-0B99-4AD6-B20D-9095A4092459}.Debug|x86.ActiveCfg = Debug|Win32
		{7E9A5F27-0B99-4AD6-B20D-9095A4092459}.Debug|x86.Build.0 = Debug|Win32
		{7E9A5F27-0B99-4AD6-B20D-9095A4092459}.Release|x64.ActiveCfg = Release|x64
		{7E9A5F27-0B99-4AD6-B20D-9095A4092459}.Release|x64.Build.0 = Release|x64
		{7E9A5F27-0B99-4AD6-B20D-9095A4092459}.Release|x86.ActiveCfg = Release|Win32
		{7E9A5F27-0B99-4AD6-B20D-9095A4092459}.Release|x86.Build.0 = Release|Win32
		{6567A948-DF26-401F-A313-DEB20CA7D336}.Debug|x64.ActiveCfg = Debug|x64
		{6567A948-DF26-401F-A313-DEB20CA7D336}.Debug|x64.Build.0 = Debug|x64
		{6567A948-DF26-401F-A313-DEB20CA7D336}.Debug|x86.ActiveCfg = Debug|Win32
		{6567A948-DF26-401F-A313-DEB20CA7D336}.Debug|x86.Build.0 = Debug|Win32
		{6567A948-DF26-401F-A313-DEB20CA7D336}.Release|x64.ActiveCfg = Release|x64
		{6567A948-DF26-401F-A313-DEB20CA7D336}.Release|x64.Build.0 = Release|x64
		{6567A948-DF26-401F-A313-DEB20CA7D336}.Release|x86.ActiveCfg = Release|Win32
		{6567A948-DF26-401F-A313-DEB20CA7D336}.Release|x86.Build.0 = Release|Win32
	EndGlobalSection
	GlobalSection(SolutionProperties) = preSolution
		HideSolutionNode = FALSE
	EndGlobalSection
	GlobalSection(ExtensibilityGlobals) = postSolution
		SolutionGuid = {DB59F265-875E-475B-9352-D8C2C0220083}
	EndGlobalSection
EndGlobal
